// !$*UTF8*$!
{
	archiveVersion = 1;
	classes = {
	};
	objectVersion = 50;
	objects = {

/* Begin PBXBuildFile section */
		10161C692149B75000D4C3A3 /* Platform.swift in Sources */ = {isa = PBXBuildFile; fileRef = 10161C682149B75000D4C3A3 /* Platform.swift */; };
		1024275D2110FE2200A5DF15 /* Connection.swift in Sources */ = {isa = PBXBuildFile; fileRef = 1024275C2110FE2200A5DF15 /* Connection.swift */; };
		103AE9A6217B2F2100006BB9 /* Main.storyboard in Resources */ = {isa = PBXBuildFile; fileRef = 103AE9A5217B2F2100006BB9 /* Main.storyboard */; };
		103AE9A8217B2F3B00006BB9 /* LaunchScreen.storyboard in Resources */ = {isa = PBXBuildFile; fileRef = 103AE9A7217B2F3A00006BB9 /* LaunchScreen.storyboard */; };
		10898B97210F9A450045796E /* QRCodeVC.swift in Sources */ = {isa = PBXBuildFile; fileRef = 10898B96210F9A450045796E /* QRCodeVC.swift */; };
		10898B99210FAC8E0045796E /* QRCode.storyboard in Resources */ = {isa = PBXBuildFile; fileRef = 10898B98210FAC8E0045796E /* QRCode.storyboard */; };
		10D04A6220F87DA100DD63CF /* AppDelegate.swift in Sources */ = {isa = PBXBuildFile; fileRef = 10D04A6120F87DA100DD63CF /* AppDelegate.swift */; };
		10D04A6420F87DA100DD63CF /* WebViewVC.swift in Sources */ = {isa = PBXBuildFile; fileRef = 10D04A6320F87DA100DD63CF /* WebViewVC.swift */; };
		10D04A6920F87DA300DD63CF /* Assets.xcassets in Resources */ = {isa = PBXBuildFile; fileRef = 10D04A6820F87DA300DD63CF /* Assets.xcassets */; };
		10D04A7720F87DA400DD63CF /* EasyDisplayTests.swift in Sources */ = {isa = PBXBuildFile; fileRef = 10D04A7620F87DA400DD63CF /* EasyDisplayTests.swift */; };
		10D04A8220F87DA400DD63CF /* EasyDisplayUITests.swift in Sources */ = {isa = PBXBuildFile; fileRef = 10D04A8120F87DA400DD63CF /* EasyDisplayUITests.swift */; };
		7DF0D59CF3B047DDC6ED77DC /* Pods_EasyDisplay.framework in Frameworks */ = {isa = PBXBuildFile; fileRef = 69B42F18FE805D9A4959D5EE /* Pods_EasyDisplay.framework */; };
/* End PBXBuildFile section */

/* Begin PBXContainerItemProxy section */
		10D04A7320F87DA400DD63CF /* PBXContainerItemProxy */ = {
			isa = PBXContainerItemProxy;
			containerPortal = 10D04A5620F87DA000DD63CF /* Project object */;
			proxyType = 1;
			remoteGlobalIDString = 10D04A5D20F87DA000DD63CF;
			remoteInfo = EasyDisplay;
		};
		10D04A7E20F87DA400DD63CF /* PBXContainerItemProxy */ = {
			isa = PBXContainerItemProxy;
			containerPortal = 10D04A5620F87DA000DD63CF /* Project object */;
			proxyType = 1;
			remoteGlobalIDString = 10D04A5D20F87DA000DD63CF;
			remoteInfo = EasyDisplay;
		};
/* End PBXContainerItemProxy section */

/* Begin PBXFileReference section */
		10161C6421481CC500D4C3A3 /* Bridging-Header.h */ = {isa = PBXFileReference; lastKnownFileType = sourcecode.c.h; path = "Bridging-Header.h"; sourceTree = "<group>"; };
		10161C682149B75000D4C3A3 /* Platform.swift */ = {isa = PBXFileReference; lastKnownFileType = sourcecode.swift; path = Platform.swift; sourceTree = "<group>"; };
		1024275C2110FE2200A5DF15 /* Connection.swift */ = {isa = PBXFileReference; lastKnownFileType = sourcecode.swift; path = Connection.swift; sourceTree = "<group>"; };
		103AE9A5217B2F2100006BB9 /* Main.storyboard */ = {isa = PBXFileReference; fileEncoding = 4; lastKnownFileType = file.storyboard; path = Main.storyboard; sourceTree = "<group>"; };
		103AE9A7217B2F3A00006BB9 /* LaunchScreen.storyboard */ = {isa = PBXFileReference; fileEncoding = 4; lastKnownFileType = file.storyboard; path = LaunchScreen.storyboard; sourceTree = "<group>"; };
		10898B96210F9A450045796E /* QRCodeVC.swift */ = {isa = PBXFileReference; lastKnownFileType = sourcecode.swift; path = QRCodeVC.swift; sourceTree = "<group>"; };
		10898B98210FAC8E0045796E /* QRCode.storyboard */ = {isa = PBXFileReference; lastKnownFileType = file.storyboard; path = QRCode.storyboard; sourceTree = "<group>"; };
		10D04A5E20F87DA100DD63CF /* EasyDisplay.app */ = {isa = PBXFileReference; explicitFileType = wrapper.application; includeInIndex = 0; path = EasyDisplay.app; sourceTree = BUILT_PRODUCTS_DIR; };
		10D04A6120F87DA100DD63CF /* AppDelegate.swift */ = {isa = PBXFileReference; lastKnownFileType = sourcecode.swift; path = AppDelegate.swift; sourceTree = "<group>"; };
		10D04A6320F87DA100DD63CF /* WebViewVC.swift */ = {isa = PBXFileReference; lastKnownFileType = sourcecode.swift; path = WebViewVC.swift; sourceTree = "<group>"; };
		10D04A6820F87DA300DD63CF /* Assets.xcassets */ = {isa = PBXFileReference; lastKnownFileType = folder.assetcatalog; path = Assets.xcassets; sourceTree = "<group>"; };
		10D04A6D20F87DA300DD63CF /* Info.plist */ = {isa = PBXFileReference; lastKnownFileType = text.plist.xml; path = Info.plist; sourceTree = "<group>"; };
		10D04A7220F87DA400DD63CF /* EasyDisplayTests.xctest */ = {isa = PBXFileReference; explicitFileType = wrapper.cfbundle; includeInIndex = 0; path = EasyDisplayTests.xctest; sourceTree = BUILT_PRODUCTS_DIR; };
		10D04A7620F87DA400DD63CF /* EasyDisplayTests.swift */ = {isa = PBXFileReference; lastKnownFileType = sourcecode.swift; path = EasyDisplayTests.swift; sourceTree = "<group>"; };
		10D04A7820F87DA400DD63CF /* Info.plist */ = {isa = PBXFileReference; lastKnownFileType = text.plist.xml; path = Info.plist; sourceTree = "<group>"; };
		10D04A7D20F87DA400DD63CF /* EasyDisplayUITests.xctest */ = {isa = PBXFileReference; explicitFileType = wrapper.cfbundle; includeInIndex = 0; path = EasyDisplayUITests.xctest; sourceTree = BUILT_PRODUCTS_DIR; };
		10D04A8120F87DA400DD63CF /* EasyDisplayUITests.swift */ = {isa = PBXFileReference; lastKnownFileType = sourcecode.swift; path = EasyDisplayUITests.swift; sourceTree = "<group>"; };
		10D04A8320F87DA400DD63CF /* Info.plist */ = {isa = PBXFileReference; lastKnownFileType = text.plist.xml; path = Info.plist; sourceTree = "<group>"; };
		12A589040E4AB21B891B2B6D /* Pods-EasyDisplay.release.xcconfig */ = {isa = PBXFileReference; includeInIndex = 1; lastKnownFileType = text.xcconfig; name = "Pods-EasyDisplay.release.xcconfig"; path = "Pods/Target Support Files/Pods-EasyDisplay/Pods-EasyDisplay.release.xcconfig"; sourceTree = "<group>"; };
		69B42F18FE805D9A4959D5EE /* Pods_EasyDisplay.framework */ = {isa = PBXFileReference; explicitFileType = wrapper.framework; includeInIndex = 0; path = Pods_EasyDisplay.framework; sourceTree = BUILT_PRODUCTS_DIR; };
		F990F78058F82EFD07B17170 /* Pods-EasyDisplay.debug.xcconfig */ = {isa = PBXFileReference; includeInIndex = 1; lastKnownFileType = text.xcconfig; name = "Pods-EasyDisplay.debug.xcconfig"; path = "Pods/Target Support Files/Pods-EasyDisplay/Pods-EasyDisplay.debug.xcconfig"; sourceTree = "<group>"; };
/* End PBXFileReference section */

/* Begin PBXFrameworksBuildPhase section */
		10D04A5B20F87DA000DD63CF /* Frameworks */ = {
			isa = PBXFrameworksBuildPhase;
			buildActionMask = 2147483647;
			files = (
				7DF0D59CF3B047DDC6ED77DC /* Pods_EasyDisplay.framework in Frameworks */,
			);
			runOnlyForDeploymentPostprocessing = 0;
		};
		10D04A6F20F87DA400DD63CF /* Frameworks */ = {
			isa = PBXFrameworksBuildPhase;
			buildActionMask = 2147483647;
			files = (
			);
			runOnlyForDeploymentPostprocessing = 0;
		};
		10D04A7A20F87DA400DD63CF /* Frameworks */ = {
			isa = PBXFrameworksBuildPhase;
			buildActionMask = 2147483647;
			files = (
			);
			runOnlyForDeploymentPostprocessing = 0;
		};
/* End PBXFrameworksBuildPhase section */

/* Begin PBXGroup section */
		10161C662149B74300D4C3A3 /* app */ = {
			isa = PBXGroup;
			children = (
				103AE9A9217B376F00006BB9 /* views */,
				103AE9A1217B200900006BB9 /* lib */,
				10161C672149B74300D4C3A3 /* utility */,
			);
			path = app;
			sourceTree = "<group>";
		};
		10161C672149B74300D4C3A3 /* utility */ = {
			isa = PBXGroup;
			children = (
				10161C682149B75000D4C3A3 /* Platform.swift */,
			);
			path = utility;
			sourceTree = "<group>";
		};
		103AE9A1217B200900006BB9 /* lib */ = {
			isa = PBXGroup;
			children = (
			);
			path = lib;
			sourceTree = "<group>";
		};
		103AE9A9217B376F00006BB9 /* views */ = {
			isa = PBXGroup;
			children = (
			);
			path = views;
			sourceTree = "<group>";
		};
		10D04A5520F87DA000DD63CF = {
			isa = PBXGroup;
			children = (
				10D04A6020F87DA100DD63CF /* EasyDisplay */,
				10D04A7520F87DA400DD63CF /* EasyDisplayTests */,
				10D04A8020F87DA400DD63CF /* EasyDisplayUITests */,
				10D04A5F20F87DA100DD63CF /* Products */,
				9D8DE98E6D31FDDFB612CBF7 /* Pods */,
				B6836D22D0B9134E02200D03 /* Frameworks */,
			);
			sourceTree = "<group>";
		};
		10D04A5F20F87DA100DD63CF /* Products */ = {
			isa = PBXGroup;
			children = (
				10D04A5E20F87DA100DD63CF /* EasyDisplay.app */,
				10D04A7220F87DA400DD63CF /* EasyDisplayTests.xctest */,
				10D04A7D20F87DA400DD63CF /* EasyDisplayUITests.xctest */,
			);
			name = Products;
			sourceTree = "<group>";
		};
		10D04A6020F87DA100DD63CF /* EasyDisplay */ = {
			isa = PBXGroup;
			children = (
				10161C662149B74300D4C3A3 /* app */,
				10D04A6120F87DA100DD63CF /* AppDelegate.swift */,
				10D04A6320F87DA100DD63CF /* WebViewVC.swift */,
				1024275C2110FE2200A5DF15 /* Connection.swift */,
				10898B96210F9A450045796E /* QRCodeVC.swift */,
				10898B98210FAC8E0045796E /* QRCode.storyboard */,
				103AE9A5217B2F2100006BB9 /* Main.storyboard */,
				103AE9A7217B2F3A00006BB9 /* LaunchScreen.storyboard */,
				10D04A6820F87DA300DD63CF /* Assets.xcassets */,
				10D04A6D20F87DA300DD63CF /* Info.plist */,
				10161C6421481CC500D4C3A3 /* Bridging-Header.h */,
			);
			path = EasyDisplay;
			sourceTree = "<group>";
		};
		10D04A7520F87DA400DD63CF /* EasyDisplayTests */ = {
			isa = PBXGroup;
			children = (
				10D04A7620F87DA400DD63CF /* EasyDisplayTests.swift */,
				10D04A7820F87DA400DD63CF /* Info.plist */,
			);
			path = EasyDisplayTests;
			sourceTree = "<group>";
		};
		10D04A8020F87DA400DD63CF /* EasyDisplayUITests */ = {
			isa = PBXGroup;
			children = (
				10D04A8120F87DA400DD63CF /* EasyDisplayUITests.swift */,
				10D04A8320F87DA400DD63CF /* Info.plist */,
			);
			path = EasyDisplayUITests;
			sourceTree = "<group>";
		};
		9D8DE98E6D31FDDFB612CBF7 /* Pods */ = {
			isa = PBXGroup;
			children = (
				F990F78058F82EFD07B17170 /* Pods-EasyDisplay.debug.xcconfig */,
				12A589040E4AB21B891B2B6D /* Pods-EasyDisplay.release.xcconfig */,
			);
			name = Pods;
			sourceTree = "<group>";
		};
		B6836D22D0B9134E02200D03 /* Frameworks */ = {
			isa = PBXGroup;
			children = (
				69B42F18FE805D9A4959D5EE /* Pods_EasyDisplay.framework */,
			);
			name = Frameworks;
			sourceTree = "<group>";
		};
/* End PBXGroup section */

/* Begin PBXNativeTarget section */
		10D04A5D20F87DA000DD63CF /* EasyDisplay */ = {
			isa = PBXNativeTarget;
			buildConfigurationList = 10D04A8620F87DA400DD63CF /* Build configuration list for PBXNativeTarget "EasyDisplay" */;
			buildPhases = (
				8AC35FE203D4A98DBA269D59 /* [CP] Check Pods Manifest.lock */,
				10D04A5A20F87DA000DD63CF /* Sources */,
				10D04A5B20F87DA000DD63CF /* Frameworks */,
				10D04A5C20F87DA000DD63CF /* Resources */,
				3D760924D84436A245B63426 /* [CP] Embed Pods Frameworks */,
				10161C652148203E00D4C3A3 /* ShellScript */,
			);
			buildRules = (
			);
			dependencies = (
			);
			name = EasyDisplay;
			productName = EasyDisplay;
			productReference = 10D04A5E20F87DA100DD63CF /* EasyDisplay.app */;
			productType = "com.apple.product-type.application";
		};
		10D04A7120F87DA400DD63CF /* EasyDisplayTests */ = {
			isa = PBXNativeTarget;
			buildConfigurationList = 10D04A8920F87DA400DD63CF /* Build configuration list for PBXNativeTarget "EasyDisplayTests" */;
			buildPhases = (
				10D04A6E20F87DA400DD63CF /* Sources */,
				10D04A6F20F87DA400DD63CF /* Frameworks */,
				10D04A7020F87DA400DD63CF /* Resources */,
			);
			buildRules = (
			);
			dependencies = (
				10D04A7420F87DA400DD63CF /* PBXTargetDependency */,
			);
			name = EasyDisplayTests;
			productName = EasyDisplayTests;
			productReference = 10D04A7220F87DA400DD63CF /* EasyDisplayTests.xctest */;
			productType = "com.apple.product-type.bundle.unit-test";
		};
		10D04A7C20F87DA400DD63CF /* EasyDisplayUITests */ = {
			isa = PBXNativeTarget;
			buildConfigurationList = 10D04A8C20F87DA400DD63CF /* Build configuration list for PBXNativeTarget "EasyDisplayUITests" */;
			buildPhases = (
				10D04A7920F87DA400DD63CF /* Sources */,
				10D04A7A20F87DA400DD63CF /* Frameworks */,
				10D04A7B20F87DA400DD63CF /* Resources */,
			);
			buildRules = (
			);
			dependencies = (
				10D04A7F20F87DA400DD63CF /* PBXTargetDependency */,
			);
			name = EasyDisplayUITests;
			productName = EasyDisplayUITests;
			productReference = 10D04A7D20F87DA400DD63CF /* EasyDisplayUITests.xctest */;
			productType = "com.apple.product-type.bundle.ui-testing";
		};
/* End PBXNativeTarget section */

/* Begin PBXProject section */
		10D04A5620F87DA000DD63CF /* Project object */ = {
			isa = PBXProject;
			attributes = {
				LastSwiftUpdateCheck = 0940;
				LastUpgradeCheck = 0940;
				ORGANIZATIONNAME = "MOH TILLAWY";
				TargetAttributes = {
					10D04A5D20F87DA000DD63CF = {
						CreatedOnToolsVersion = 9.4;
						LastSwiftMigration = 1000;
					};
					10D04A7120F87DA400DD63CF = {
						CreatedOnToolsVersion = 9.4;
						LastSwiftMigration = 1000;
						TestTargetID = 10D04A5D20F87DA000DD63CF;
					};
					10D04A7C20F87DA400DD63CF = {
						CreatedOnToolsVersion = 9.4;
						LastSwiftMigration = 1000;
						TestTargetID = 10D04A5D20F87DA000DD63CF;
					};
				};
			};
			buildConfigurationList = 10D04A5920F87DA000DD63CF /* Build configuration list for PBXProject "EasyDisplay" */;
			compatibilityVersion = "Xcode 9.3";
			developmentRegion = en;
			hasScannedForEncodings = 0;
			knownRegions = (
				en,
				Base,
			);
			mainGroup = 10D04A5520F87DA000DD63CF;
			productRefGroup = 10D04A5F20F87DA100DD63CF /* Products */;
			projectDirPath = "";
			projectRoot = "";
			targets = (
				10D04A5D20F87DA000DD63CF /* EasyDisplay */,
				10D04A7120F87DA400DD63CF /* EasyDisplayTests */,
				10D04A7C20F87DA400DD63CF /* EasyDisplayUITests */,
			);
		};
/* End PBXProject section */

/* Begin PBXResourcesBuildPhase section */
		10D04A5C20F87DA000DD63CF /* Resources */ = {
			isa = PBXResourcesBuildPhase;
			buildActionMask = 2147483647;
			files = (
				103AE9A6217B2F2100006BB9 /* Main.storyboard in Resources */,
				103AE9A8217B2F3B00006BB9 /* LaunchScreen.storyboard in Resources */,
				10D04A6920F87DA300DD63CF /* Assets.xcassets in Resources */,
				10898B99210FAC8E0045796E /* QRCode.storyboard in Resources */,
			);
			runOnlyForDeploymentPostprocessing = 0;
		};
		10D04A7020F87DA400DD63CF /* Resources */ = {
			isa = PBXResourcesBuildPhase;
			buildActionMask = 2147483647;
			files = (
			);
			runOnlyForDeploymentPostprocessing = 0;
		};
		10D04A7B20F87DA400DD63CF /* Resources */ = {
			isa = PBXResourcesBuildPhase;
			buildActionMask = 2147483647;
			files = (
			);
			runOnlyForDeploymentPostprocessing = 0;
		};
/* End PBXResourcesBuildPhase section */

/* Begin PBXShellScriptBuildPhase section */
		10161C652148203E00D4C3A3 /* ShellScript */ = {
			isa = PBXShellScriptBuildPhase;
			buildActionMask = 2147483647;
			files = (
			);
			inputPaths = (
			);
			outputPaths = (
			);
			runOnlyForDeploymentPostprocessing = 0;
			shellPath = /bin/sh;
			shellScript = "\"${PODS_ROOT}/Fabric/run\" 4466ab894fe779513739da6271dc1da60173503a 543c5a5b92fcbbc283bb470008fe56a6b183fc2c0bad821b63e3e59a5d866139\n";
		};
		3D760924D84436A245B63426 /* [CP] Embed Pods Frameworks */ = {
			isa = PBXShellScriptBuildPhase;
			buildActionMask = 2147483647;
			files = (
			);
			inputPaths = (
				"${SRCROOT}/Pods/Target Support Files/Pods-EasyDisplay/Pods-EasyDisplay-frameworks.sh",
				"${BUILT_PRODUCTS_DIR}/GRMustache/GRMustache.framework",
				"${BUILT_PRODUCTS_DIR}/JRSwizzle/JRSwizzle.framework",
				"${BUILT_PRODUCTS_DIR}/MarqueeLabel/MarqueeLabel.framework",
				"${BUILT_PRODUCTS_DIR}/NotificationBannerSwift/NotificationBannerSwift.framework",
				"${BUILT_PRODUCTS_DIR}/ReachabilitySwift/Reachability.framework",
				"${BUILT_PRODUCTS_DIR}/SVProgressHUD/SVProgressHUD.framework",
				"${BUILT_PRODUCTS_DIR}/SnapKit/SnapKit.framework",
				"${BUILT_PRODUCTS_DIR}/Socket.IO-Client-Swift/SocketIO.framework",
				"${BUILT_PRODUCTS_DIR}/Starscream/Starscream.framework",
			);
			name = "[CP] Embed Pods Frameworks";
			outputPaths = (
				"${TARGET_BUILD_DIR}/${FRAMEWORKS_FOLDER_PATH}/GRMustache.framework",
				"${TARGET_BUILD_DIR}/${FRAMEWORKS_FOLDER_PATH}/JRSwizzle.framework",
				"${TARGET_BUILD_DIR}/${FRAMEWORKS_FOLDER_PATH}/MarqueeLabel.framework",
				"${TARGET_BUILD_DIR}/${FRAMEWORKS_FOLDER_PATH}/NotificationBannerSwift.framework",
				"${TARGET_BUILD_DIR}/${FRAMEWORKS_FOLDER_PATH}/Reachability.framework",
				"${TARGET_BUILD_DIR}/${FRAMEWORKS_FOLDER_PATH}/SVProgressHUD.framework",
				"${TARGET_BUILD_DIR}/${FRAMEWORKS_FOLDER_PATH}/SnapKit.framework",
				"${TARGET_BUILD_DIR}/${FRAMEWORKS_FOLDER_PATH}/SocketIO.framework",
				"${TARGET_BUILD_DIR}/${FRAMEWORKS_FOLDER_PATH}/Starscream.framework",
			);
			runOnlyForDeploymentPostprocessing = 0;
			shellPath = /bin/sh;
			shellScript = "\"${SRCROOT}/Pods/Target Support Files/Pods-EasyDisplay/Pods-EasyDisplay-frameworks.sh\"\n";
			showEnvVarsInLog = 0;
		};
		8AC35FE203D4A98DBA269D59 /* [CP] Check Pods Manifest.lock */ = {
			isa = PBXShellScriptBuildPhase;
			buildActionMask = 2147483647;
			files = (
			);
			inputPaths = (
				"${PODS_PODFILE_DIR_PATH}/Podfile.lock",
				"${PODS_ROOT}/Manifest.lock",
			);
			name = "[CP] Check Pods Manifest.lock";
			outputPaths = (
				"$(DERIVED_FILE_DIR)/Pods-EasyDisplay-checkManifestLockResult.txt",
			);
			runOnlyForDeploymentPostprocessing = 0;
			shellPath = /bin/sh;
			shellScript = "diff \"${PODS_PODFILE_DIR_PATH}/Podfile.lock\" \"${PODS_ROOT}/Manifest.lock\" > /dev/null\nif [ $? != 0 ] ; then\n    # print error to STDERR\n    echo \"error: The sandbox is not in sync with the Podfile.lock. Run 'pod install' or update your CocoaPods installation.\" >&2\n    exit 1\nfi\n# This output is used by Xcode 'outputs' to avoid re-running this script phase.\necho \"SUCCESS\" > \"${SCRIPT_OUTPUT_FILE_0}\"\n";
			showEnvVarsInLog = 0;
		};
/* End PBXShellScriptBuildPhase section */

/* Begin PBXSourcesBuildPhase section */
		10D04A5A20F87DA000DD63CF /* Sources */ = {
			isa = PBXSourcesBuildPhase;
			buildActionMask = 2147483647;
			files = (
				10161C692149B75000D4C3A3 /* Platform.swift in Sources */,
				10D04A6420F87DA100DD63CF /* WebViewVC.swift in Sources */,
				10D04A6220F87DA100DD63CF /* AppDelegate.swift in Sources */,
				10898B97210F9A450045796E /* QRCodeVC.swift in Sources */,
				1024275D2110FE2200A5DF15 /* Connection.swift in Sources */,
			);
			runOnlyForDeploymentPostprocessing = 0;
		};
		10D04A6E20F87DA400DD63CF /* Sources */ = {
			isa = PBXSourcesBuildPhase;
			buildActionMask = 2147483647;
			files = (
				10D04A7720F87DA400DD63CF /* EasyDisplayTests.swift in Sources */,
			);
			runOnlyForDeploymentPostprocessing = 0;
		};
		10D04A7920F87DA400DD63CF /* Sources */ = {
			isa = PBXSourcesBuildPhase;
			buildActionMask = 2147483647;
			files = (
				10D04A8220F87DA400DD63CF /* EasyDisplayUITests.swift in Sources */,
			);
			runOnlyForDeploymentPostprocessing = 0;
		};
/* End PBXSourcesBuildPhase section */

/* Begin PBXTargetDependency section */
		10D04A7420F87DA400DD63CF /* PBXTargetDependency */ = {
			isa = PBXTargetDependency;
			target = 10D04A5D20F87DA000DD63CF /* EasyDisplay */;
			targetProxy = 10D04A7320F87DA400DD63CF /* PBXContainerItemProxy */;
		};
		10D04A7F20F87DA400DD63CF /* PBXTargetDependency */ = {
			isa = PBXTargetDependency;
			target = 10D04A5D20F87DA000DD63CF /* EasyDisplay */;
			targetProxy = 10D04A7E20F87DA400DD63CF /* PBXContainerItemProxy */;
		};
/* End PBXTargetDependency section */

/* Begin XCBuildConfiguration section */
		10D04A8420F87DA400DD63CF /* Debug */ = {
			isa = XCBuildConfiguration;
			buildSettings = {
				ALWAYS_SEARCH_USER_PATHS = NO;
				CLANG_ANALYZER_NONNULL = YES;
				CLANG_ANALYZER_NUMBER_OBJECT_CONVERSION = YES_AGGRESSIVE;
				CLANG_CXX_LANGUAGE_STANDARD = "gnu++14";
				CLANG_CXX_LIBRARY = "libc++";
				CLANG_ENABLE_MODULES = YES;
				CLANG_ENABLE_OBJC_ARC = YES;
				CLANG_ENABLE_OBJC_WEAK = YES;
				CLANG_WARN_BLOCK_CAPTURE_AUTORELEASING = YES;
				CLANG_WARN_BOOL_CONVERSION = YES;
				CLANG_WARN_COMMA = YES;
				CLANG_WARN_CONSTANT_CONVERSION = YES;
				CLANG_WARN_DEPRECATED_OBJC_IMPLEMENTATIONS = YES;
				CLANG_WARN_DIRECT_OBJC_ISA_USAGE = YES_ERROR;
				CLANG_WARN_DOCUMENTATION_COMMENTS = YES;
				CLANG_WARN_EMPTY_BODY = YES;
				CLANG_WARN_ENUM_CONVERSION = YES;
				CLANG_WARN_INFINITE_RECURSION = YES;
				CLANG_WARN_INT_CONVERSION = YES;
				CLANG_WARN_NON_LITERAL_NULL_CONVERSION = YES;
				CLANG_WARN_OBJC_IMPLICIT_RETAIN_SELF = YES;
				CLANG_WARN_OBJC_LITERAL_CONVERSION = YES;
				CLANG_WARN_OBJC_ROOT_CLASS = YES_ERROR;
				CLANG_WARN_RANGE_LOOP_ANALYSIS = YES;
				CLANG_WARN_STRICT_PROTOTYPES = YES;
				CLANG_WARN_SUSPICIOUS_MOVE = YES;
				CLANG_WARN_UNGUARDED_AVAILABILITY = YES_AGGRESSIVE;
				CLANG_WARN_UNREACHABLE_CODE = YES;
				CLANG_WARN__DUPLICATE_METHOD_MATCH = YES;
				CODE_SIGN_IDENTITY = "iPhone Developer";
				COPY_PHASE_STRIP = NO;
				DEBUG_INFORMATION_FORMAT = dwarf;
				ENABLE_STRICT_OBJC_MSGSEND = YES;
				ENABLE_TESTABILITY = YES;
				GCC_C_LANGUAGE_STANDARD = gnu11;
				GCC_DYNAMIC_NO_PIC = NO;
				GCC_NO_COMMON_BLOCKS = YES;
				GCC_OPTIMIZATION_LEVEL = 0;
				GCC_PREPROCESSOR_DEFINITIONS = (
					"DEBUG=1",
					"$(inherited)",
				);
				GCC_WARN_64_TO_32_BIT_CONVERSION = YES;
				GCC_WARN_ABOUT_RETURN_TYPE = YES_ERROR;
				GCC_WARN_UNDECLARED_SELECTOR = YES;
				GCC_WARN_UNINITIALIZED_AUTOS = YES_AGGRESSIVE;
				GCC_WARN_UNUSED_FUNCTION = YES;
				GCC_WARN_UNUSED_VARIABLE = YES;
				IPHONEOS_DEPLOYMENT_TARGET = 11.4;
				MTL_ENABLE_DEBUG_INFO = YES;
				ONLY_ACTIVE_ARCH = YES;
				SDKROOT = iphoneos;
				SWIFT_ACTIVE_COMPILATION_CONDITIONS = DEBUG;
				SWIFT_OBJC_BRIDGING_HEADER = "";
				SWIFT_OPTIMIZATION_LEVEL = "-Onone";
			};
			name = Debug;
		};
		10D04A8520F87DA400DD63CF /* Release */ = {
			isa = XCBuildConfiguration;
			buildSettings = {
				ALWAYS_SEARCH_USER_PATHS = NO;
				CLANG_ANALYZER_NONNULL = YES;
				CLANG_ANALYZER_NUMBER_OBJECT_CONVERSION = YES_AGGRESSIVE;
				CLANG_CXX_LANGUAGE_STANDARD = "gnu++14";
				CLANG_CXX_LIBRARY = "libc++";
				CLANG_ENABLE_MODULES = YES;
				CLANG_ENABLE_OBJC_ARC = YES;
				CLANG_ENABLE_OBJC_WEAK = YES;
				CLANG_WARN_BLOCK_CAPTURE_AUTORELEASING = YES;
				CLANG_WARN_BOOL_CONVERSION = YES;
				CLANG_WARN_COMMA = YES;
				CLANG_WARN_CONSTANT_CONVERSION = YES;
				CLANG_WARN_DEPRECATED_OBJC_IMPLEMENTATIONS = YES;
				CLANG_WARN_DIRECT_OBJC_ISA_USAGE = YES_ERROR;
				CLANG_WARN_DOCUMENTATION_COMMENTS = YES;
				CLANG_WARN_EMPTY_BODY = YES;
				CLANG_WARN_ENUM_CONVERSION = YES;
				CLANG_WARN_INFINITE_RECURSION = YES;
				CLANG_WARN_INT_CONVERSION = YES;
				CLANG_WARN_NON_LITERAL_NULL_CONVERSION = YES;
				CLANG_WARN_OBJC_IMPLICIT_RETAIN_SELF = YES;
				CLANG_WARN_OBJC_LITERAL_CONVERSION = YES;
				CLANG_WARN_OBJC_ROOT_CLASS = YES_ERROR;
				CLANG_WARN_RANGE_LOOP_ANALYSIS = YES;
				CLANG_WARN_STRICT_PROTOTYPES = YES;
				CLANG_WARN_SUSPICIOUS_MOVE = YES;
				CLANG_WARN_UNGUARDED_AVAILABILITY = YES_AGGRESSIVE;
				CLANG_WARN_UNREACHABLE_CODE = YES;
				CLANG_WARN__DUPLICATE_METHOD_MATCH = YES;
				CODE_SIGN_IDENTITY = "iPhone Developer";
				COPY_PHASE_STRIP = NO;
				DEBUG_INFORMATION_FORMAT = "dwarf-with-dsym";
				ENABLE_NS_ASSERTIONS = NO;
				ENABLE_STRICT_OBJC_MSGSEND = YES;
				GCC_C_LANGUAGE_STANDARD = gnu11;
				GCC_NO_COMMON_BLOCKS = YES;
				GCC_WARN_64_TO_32_BIT_CONVERSION = YES;
				GCC_WARN_ABOUT_RETURN_TYPE = YES_ERROR;
				GCC_WARN_UNDECLARED_SELECTOR = YES;
				GCC_WARN_UNINITIALIZED_AUTOS = YES_AGGRESSIVE;
				GCC_WARN_UNUSED_FUNCTION = YES;
				GCC_WARN_UNUSED_VARIABLE = YES;
				IPHONEOS_DEPLOYMENT_TARGET = 11.4;
				MTL_ENABLE_DEBUG_INFO = NO;
				SDKROOT = iphoneos;
				SWIFT_COMPILATION_MODE = wholemodule;
				SWIFT_OBJC_BRIDGING_HEADER = "";
				SWIFT_OPTIMIZATION_LEVEL = "-O";
				VALIDATE_PRODUCT = YES;
			};
			name = Release;
		};
		10D04A8720F87DA400DD63CF /* Debug */ = {
			isa = XCBuildConfiguration;
			baseConfigurationReference = F990F78058F82EFD07B17170 /* Pods-EasyDisplay.debug.xcconfig */;
			buildSettings = {
				ASSETCATALOG_COMPILER_APPICON_NAME = AppIcon;
				CODE_SIGN_STYLE = Automatic;
				CURRENT_PROJECT_VERSION = 9;
				DEVELOPMENT_TEAM = 6P7N34Q286;
				INFOPLIST_FILE = EasyDisplay/Info.plist;
				IPHONEOS_DEPLOYMENT_TARGET = 9.0;
				LD_RUNPATH_SEARCH_PATHS = (
					"$(inherited)",
					"@executable_path/Frameworks",
				);
				PRODUCT_BUNDLE_IDENTIFIER = info.easydisplay.ios;
				PRODUCT_NAME = "$(TARGET_NAME)";
				SWIFT_OBJC_BRIDGING_HEADER = "EasyDisplay/Bridging-Header.h";
				SWIFT_VERSION = 4.0;
				TARGETED_DEVICE_FAMILY = "1,2";
				VERSIONING_SYSTEM = "apple-generic";
			};
			name = Debug;
		};
		10D04A8820F87DA400DD63CF /* Release */ = {
			isa = XCBuildConfiguration;
			baseConfigurationReference = 12A589040E4AB21B891B2B6D /* Pods-EasyDisplay.release.xcconfig */;
			buildSettings = {
				ASSETCATALOG_COMPILER_APPICON_NAME = AppIcon;
				CODE_SIGN_STYLE = Automatic;
				CURRENT_PROJECT_VERSION = 9;
				DEVELOPMENT_TEAM = 6P7N34Q286;
				INFOPLIST_FILE = EasyDisplay/Info.plist;
				IPHONEOS_DEPLOYMENT_TARGET = 9.0;
				LD_RUNPATH_SEARCH_PATHS = (
					"$(inherited)",
					"@executable_path/Frameworks",
				);
				PRODUCT_BUNDLE_IDENTIFIER = info.easydisplay.ios;
				PRODUCT_NAME = "$(TARGET_NAME)";
				SWIFT_OBJC_BRIDGING_HEADER = "EasyDisplay/Bridging-Header.h";
				SWIFT_VERSION = 4.0;
				TARGETED_DEVICE_FAMILY = "1,2";
				VERSIONING_SYSTEM = "apple-generic";
			};
			name = Release;
		};
		10D04A8A20F87DA400DD63CF /* Debug */ = {
			isa = XCBuildConfiguration;
			buildSettings = {
				ALWAYS_EMBED_SWIFT_STANDARD_LIBRARIES = YES;
				BUNDLE_LOADER = "$(TEST_HOST)";
				CODE_SIGN_STYLE = Automatic;
				DEVELOPMENT_TEAM = 6P7N34Q286;
				INFOPLIST_FILE = EasyDisplayTests/Info.plist;
				LD_RUNPATH_SEARCH_PATHS = (
					"$(inherited)",
					"@executable_path/Frameworks",
					"@loader_path/Frameworks",
				);
				PRODUCT_BUNDLE_IDENTIFIER = com.tillawy.EasyDisplayTests;
				PRODUCT_NAME = "$(TARGET_NAME)";
				SWIFT_VERSION = 4.0;
				TARGETED_DEVICE_FAMILY = "1,2";
				TEST_HOST = "$(BUILT_PRODUCTS_DIR)/EasyDisplay.app/EasyDisplay";
			};
			name = Debug;
		};
		10D04A8B20F87DA400DD63CF /* Release */ = {
			isa = XCBuildConfiguration;
			buildSettings = {
				ALWAYS_EMBED_SWIFT_STANDARD_LIBRARIES = YES;
				BUNDLE_LOADER = "$(TEST_HOST)";
				CODE_SIGN_STYLE = Automatic;
				DEVELOPMENT_TEAM = 6P7N34Q286;
				INFOPLIST_FILE = EasyDisplayTests/Info.plist;
				LD_RUNPATH_SEARCH_PATHS = (
					"$(inherited)",
					"@executable_path/Frameworks",
					"@loader_path/Frameworks",
				);
				PRODUCT_BUNDLE_IDENTIFIER = com.tillawy.EasyDisplayTests;
				PRODUCT_NAME = "$(TARGET_NAME)";
				SWIFT_VERSION = 4.0;
				TARGETED_DEVICE_FAMILY = "1,2";
				TEST_HOST = "$(BUILT_PRODUCTS_DIR)/EasyDisplay.app/EasyDisplay";
			};
			name = Release;
		};
		10D04A8D20F87DA400DD63CF /* Debug */ = {
			isa = XCBuildConfiguration;
			buildSettings = {
				ALWAYS_EMBED_SWIFT_STANDARD_LIBRARIES = YES;
				CODE_SIGN_STYLE = Automatic;
				DEVELOPMENT_TEAM = 6P7N34Q286;
				INFOPLIST_FILE = EasyDisplayUITests/Info.plist;
				LD_RUNPATH_SEARCH_PATHS = (
					"$(inherited)",
					"@executable_path/Frameworks",
					"@loader_path/Frameworks",
				);
				PRODUCT_BUNDLE_IDENTIFIER = com.tillawy.EasyDisplayUITests;
				PRODUCT_NAME = "$(TARGET_NAME)";
				SWIFT_VERSION = 4.0;
				TARGETED_DEVICE_FAMILY = "1,2";
				TEST_TARGET_NAME = EasyDisplay;
			};
			name = Debug;
		};
		10D04A8E20F87DA400DD63CF /* Release */ = {
			isa = XCBuildConfiguration;
			buildSettings = {
				ALWAYS_EMBED_SWIFT_STANDARD_LIBRARIES = YES;
				CODE_SIGN_STYLE = Automatic;
				DEVELOPMENT_TEAM = 6P7N34Q286;
				INFOPLIST_FILE = EasyDisplayUITests/Info.plist;
				LD_RUNPATH_SEARCH_PATHS = (
					"$(inherited)",
					"@executable_path/Frameworks",
					"@loader_path/Frameworks",
				);
				PRODUCT_BUNDLE_IDENTIFIER = com.tillawy.EasyDisplayUITests;
				PRODUCT_NAME = "$(TARGET_NAME)";
				SWIFT_VERSION = 4.0;
				TARGETED_DEVICE_FAMILY = "1,2";
				TEST_TARGET_NAME = EasyDisplay;
			};
			name = Release;
		};
/* End XCBuildConfiguration section */

/* Begin XCConfigurationList section */
		10D04A5920F87DA000DD63CF /* Build configuration list for PBXProject "EasyDisplay" */ = {
			isa = XCConfigurationList;
			buildConfigurations = (
				10D04A8420F87DA400DD63CF /* Debug */,
				10D04A8520F87DA400DD63CF /* Release */,
			);
			defaultConfigurationIsVisible = 0;
			defaultConfigurationName = Release;
		};
		10D04A8620F87DA400DD63CF /* Build configuration list for PBXNativeTarget "EasyDisplay" */ = {
			isa = XCConfigurationList;
			buildConfigurations = (
				10D04A8720F87DA400DD63CF /* Debug */,
				10D04A8820F87DA400DD63CF /* Release */,
			);
			defaultConfigurationIsVisible = 0;
			defaultConfigurationName = Release;
		};
		10D04A8920F87DA400DD63CF /* Build configuration list for PBXNativeTarget "EasyDisplayTests" */ = {
			isa = XCConfigurationList;
			buildConfigurations = (
				10D04A8A20F87DA400DD63CF /* Debug */,
				10D04A8B20F87DA400DD63CF /* Release */,
			);
			defaultConfigurationIsVisible = 0;
			defaultConfigurationName = Release;
		};
		10D04A8C20F87DA400DD63CF /* Build configuration list for PBXNativeTarget "EasyDisplayUITests" */ = {
			isa = XCConfigurationList;
			buildConfigurations = (
				10D04A8D20F87DA400DD63CF /* Debug */,
				10D04A8E20F87DA400DD63CF /* Release */,
			);
			defaultConfigurationIsVisible = 0;
			defaultConfigurationName = Release;
		};
/* End XCConfigurationList section */
	};
	rootObject = 10D04A5620F87DA000DD63CF /* Project object */;
}
